
Microsoft Visual Studio Solution File, Format Version 12.00
# Visual Studio Version 16
VisualStudioVersion = 16.0.31515.178
MinimumVisualStudioVersion = 10.0.40219.1
Project("{FAE04EC0-301F-11D3-BF4B-00C04F79EFBC}") = "CsharpHomeWork2", "CsharpHomeWork2\CsharpHomeWork2.csproj", "{0C84E367-007B-4322-815D-C54EBB0C10BC}"
EndProject
Global
	GlobalSection(SolutionConfigurationPlatforms) = preSolution
		Debug|Any CPU = Debug|Any CPU
		Release|Any CPU = Release|Any CPU
	EndGlobalSection
	GlobalSection(ProjectConfigurationPlatforms) = postSolution
		{0C84E367-007B-4322-815D-C54EBB0C10BC}.Debug|Any CPU.ActiveCfg = Debug|Any CPU
		{0C84E367-007B-4322-815D-C54EBB0C10BC}.Debug|Any CPU.Build.0 = Debug|Any CPU
		{0C84E367-007B-4322-815D-C54EBB0C10BC}.Release|Any CPU.ActiveCfg = Release|Any CPU
		{0C84E367-007B-4322-815D-C54EBB0C10BC}.Release|Any CPU.Build.0 = Release|Any CPU
	EndGlobalSection
	GlobalSection(SolutionProperties) = preSolution
		HideSolutionNode = FALSE
	EndGlobalSection
	GlobalSection(ExtensibilityGlobals) = postSolution
		SolutionGuid = {52CCAA1D-D430-4A8E-A712-210CD1410671}
	EndGlobalSection
EndGlobal
